lockfileVersion: '9.0'

settings:
  autoInstallPeers: true
  excludeLinksFromLockfile: false

importers:

  .:
    dependencies:
      '@playwright/test':
        specifier: ^1.55.1
        version: 1.59.1

packages:

  '@acme/private-utils@1.2.3':
    resolution: {integrity: sha512-dnkm3WedrIfH8+nRoHESfj0/DDeZdBTCpP2B5ZUSR/6YsMiOtYmauw1FRb2hDNC00ZLWu8Ya8sZfR2D/s1VhTQ==}

  '@playwright/test@1.59.1':
    resolution: {integrity: sha512-PG6q63nQg5c9rIi4/Z5lR5IVF7yU5MqmKaPOe0HSc0O2cX1fPi96sUQu5j7eo4gKCkB2AnNGoWt7y4/Xx3Kcqg==}
    engines: {node: '>=18'}
    hasBin: true

  fsevents@2.3.2:
    resolution: {integrity: sha512-xiqMQR4xAeHTuB9uWm+fFRcIOgKBMiOBP+eXiyT7jsgVCq1bkVygt00oASowB7EdtpOHaaPgKt812P9ab+DDKA==}
    engines: {node: ^8.16.0 || ^10.6.0 || >=11.0.0}
    os: [darwin]

  legacy-private-pkg@2.1.0:
    resolution: {integrity: sha512-lyOrTMMajW/F3ryAPbDHLv3ZhJVoV+3W2cff/313EifQN/51nKtgyGxQMERcb/RZ8OahAl/8tPbK76Rsov7GyQ==}

  legacy-private-pkg@3.0.0:
    resolution: {integrity: sha512-0000000000000000000000000000000000000000000000000000000000000000000000000000000000ABCDEF==}

  playwright-core@1.59.1:
    resolution: {integrity: sha512-HBV/RJg81z5BiiZ9yPzIiClYV/QMsDCKUyogwH9p3MCP6IYjUFu/MActgYAvK0oWyV9NlwM3GLBjADyWgydVyg==}
    engines: {node: '>=18'}
    hasBin: true

  playwright@1.59.1:
    resolution: {integrity: sha512-C8oWjPR3F81yljW9o5OxcWzfh6avkVwDD2VYdwIGqTkl+OGFISgypqzfu7dOe4QNLL2aqcWBmI3PMtLIK233lw==}
    engines: {node: '>=18'}
    hasBin: true

snapshots:

  '@acme/private-utils@1.2.3': {}

  '@playwright/test@1.59.1':
    dependencies:
      playwright: 1.59.1

  fsevents@2.3.2:
    optional: true

  legacy-private-pkg@2.1.0: {}

  legacy-private-pkg@3.0.0: {}

  playwright-core@1.59.1: {}

  playwright@1.59.1:
    dependencies:
      playwright-core: 1.59.1
    optionalDependencies:
      fsevents: 2.3.2
