{
  "name": "workspace-example",
  "version": "1.0.0",
  "lockfileVersion": 3,
  "requires": true,
  "packages": {
    "": {
      "name": "workspace-example",
      "version": "1.0.0",
      "workspaces": [
        "packages/*"
      ]
    },
    "node_modules/bar": {
      "resolved": "packages/bar",
      "link": true
    },
    "node_modules/baz": {
      "resolved": "packages/baz",
      "link": true
    },
    "node_modules/foo": {
      "resolved": "packages/foo",
      "link": true
    },
    "packages/bar": {
      "version": "1.0.0",
      "dependencies": {
        "baz": "*",
        "foo": "*"
      }
    },
    "packages/baz": {
      "version": "1.0.0"
    },
    "packages/foo": {
      "version": "1.0.0"
    }
  }
}
