lockfileVersion: '9.0'

settings:
  autoInstallPeers: true
  excludeLinksFromLockfile: false

importers:

  .: {}

  packages/c:
    dependencies:
      '@fixture-embed/shimmed':
        specifier: workspace:*
        version: link:../shimmed
      '@fixture-embed/used':
        specifier: workspace:*
        version: link:../used
      '@playwright/test':
        specifier: ^1.55.1
        version: 1.62.1

  packages/shimmed:
    dependencies:
      '@acme/private-utils':
        specifier: 1.2.3
        version: 1.2.3

  packages/used:
    dependencies:
      ms:
        specifier: 2.1.3
        version: 2.1.3

packages:

  '@acme/private-utils@1.2.3':
    resolution: {integrity: sha512-dnkm3WedrIfH8+nRoHESfj0/DDeZdBTCpP2B5ZUSR/6YsMiOtYmauw1FRb2hDNC00ZLWu8Ya8sZfR2D/s1VhTQ==}

  '@playwright/test@1.62.1':
    resolution: {integrity: sha512-DTcUc8qii+cpHvtOwggMtBRMjKZHXYWdw8syRYu2vtzuq4Wxphqq4NfCs5Zt44L6mA8rfDfj+PHnxFc/FeK6mQ==}
    engines: {node: '>=20'}
    hasBin: true

  fsevents@2.3.2:
    resolution: {integrity: sha512-xiqMQR4xAeHTuB9uWm+fFRcIOgKBMiOBP+eXiyT7jsgVCq1bkVygt00oASowB7EdtpOHaaPgKt812P9ab+DDKA==}
    engines: {node: ^8.16.0 || ^10.6.0 || >=11.0.0}
    os: [darwin]

  ms@2.1.3:
    resolution: {integrity: sha512-6FlzubTLZG3J2a/NVCAleEhjzq5oxgHyaCU9yYXvcLsvoVaHJq/s5xXI6/XXP6tz7R9xAOtHnSO/tXtF3WRTlA==}

  playwright-core@1.62.1:
    resolution: {integrity: sha512-wPYSwEBJY9GHraISXqyqtx0na0LpO3XEX7jNDhntbex7tzUS7kLnZsOlFruFJB4Hi/rhDMjXGqHewDZ68nYZVw==}
    engines: {node: '>=20'}
    hasBin: true

  playwright@1.62.1:
    resolution: {integrity: sha512-0M+L3LAD8/nm554LOla9Ayx0j0tmFZ0FBcoQ7F1VuVHpM/XpiC8RcDzBQB8W5+hA8L22THxELzeF+2WcUzvcLg==}
    engines: {node: '>=20'}
    hasBin: true

snapshots:

  '@acme/private-utils@1.2.3': {}

  '@playwright/test@1.62.1':
    dependencies:
      playwright: 1.62.1

  fsevents@2.3.2:
    optional: true

  ms@2.1.3: {}

  playwright-core@1.62.1: {}

  playwright@1.62.1:
    dependencies:
      playwright-core: 1.62.1
    optionalDependencies:
      fsevents: 2.3.2
