lockfileVersion: '6.0'

settings:
  autoInstallPeers: true
  excludeLinksFromLockfile: false

devDependencies:
  '@playwright/test':
    specifier: ^1.42.0
    version: 1.42.0

packages:

  /@playwright/test@1.42.0:
    resolution: {integrity: sha512-vZF8SdVqZqnE5lUVr2XwHUfzBRgGmNVkN7Pv6/CnMpH8vF6gQ3d2k7VjOX6TLEhtZsLyX2vhUc3G4bh1F9ixkw==}
    engines: {node: '>=16'}
    hasBin: true
    dependencies:
      playwright: 1.42.0
    dev: true

  /fsevents@2.3.2:
    resolution: {integrity: sha512-xiqMQR4xAeHTuB9uWm+fFRcIOgKBMiOBP+eXiyT7jsgVCq1bkVygt00oASowB7EdtpOHaaPgKt812P9ab+DDKA==}
    engines: {node: ^8.16.0 || ^10.6.0 || >=11.0.0}
    os: [darwin]
    requiresBuild: true
    dev: true
    optional: true

  /playwright-core@1.42.0:
    resolution: {integrity: sha512-rV5QLHZyS8Kl/gMW06lPf9M7uoZw2XRx35k3qz5LGo6dQlFzIUuRJxMHdTwMUQGbk9dSgWgbkJnHgj8yLZMdQ==}
    engines: {node: '>=16'}
    hasBin: true
    dev: true

  /playwright@1.42.0:
    resolution: {integrity: sha512-93qd9m1/6f5r6r5f6HBnBf9o4L8wCdl4vCsF9TMLvQ8D1nG6VIq4U/XYbSt2D3YFLmOKQIY0tZ5vHw1kEWMCg==}
    engines: {node: '>=16'}
    hasBin: true
    dependencies:
      playwright-core: 1.42.0
    optionalDependencies:
      fsevents: 2.3.2
    dev: true