# This file is generated by running "yarn install" inside your project.
# Manual changes might be lost - proceed with caution!

__metadata:
  version: 6
  cacheKey: 8

"@playwright/test@npm:^1.41.0":
  version: 1.41.0
  resolution: "@playwright/test@npm:1.41.0"
  dependencies:
    playwright: 1.41.0
  bin:
    playwright: cli.js
  checksum: 7b1f33dc31bd88e3dd2c12be57fcb62e79e4bef8f87de088f3f87c93e7db08e9dd39076f9b8d3c3e36fd3497a6f3ac61e87aec4aef969ea14d7abda0e7b9c5f
  languageName: node
  linkType: hard

"fsevents@npm:2.3.2":
  version: 2.3.2
  resolution: "fsevents@npm:2.3.2"
  dependencies:
    node-gyp: latest
  checksum: 97ade64e75091afee5265e6956cb72ba34db7819b4c3e94c431d4be2b19b8bb7a2d4116da417950c3425f17c8fe693d25e20212cac583ac1521ad066b77ae31f
  languageName: node
  linkType: hard

"playwright-core@npm:1.41.0":
  version: 1.41.0
  resolution: "playwright-core@npm:1.41.0"
  bin:
    playwright-core: cli.js
  checksum: 5ec8b95fb5e7c84235e1079beb946e8e5c7b956c9e35c1c0c8e8dcdd973a5aa90a8c6a3b37e5f69e05eb19285026f9ab52c6e3526c6b5c36f8e0fb456c32b0d
  languageName: node
  linkType: hard

"playwright@npm:1.41.0":
  version: 1.41.0
  resolution: "playwright@npm:1.41.0"
  dependencies:
    playwright-core: 1.41.0
  dependenciesMeta:
    fsevents:
      optional: true
  bin:
    playwright: cli.js
  checksum: a67f0d864e37e1cf7b88078e88dc42a587bbe3fe9f3a4e8e5c4e2f8f36c5e0f8e2e8e36f8e0fb456c32b0d8e0fb456c32b0d8a67f0d864e37e1cf7b88078e88dc
  languageName: node
  linkType: hard

"test-project@workspace:.":
  version: 0.0.0-use.local
  resolution: "test-project@workspace:."
  dependencies:
    "@playwright/test": ^1.41.0
  languageName: unknown
  linkType: soft