{
  "name": "npm-depend-on-workspace-package-in-root-package",
  "version": "1.0.0",
  "lockfileVersion": 3,
  "requires": true,
  "packages": {
    "": {
      "name": "npm-depend-on-workspace-package-in-root-package",
      "version": "1.0.0",
      "license": "ISC",
      "workspaces": [
        "apps/*"
      ],
      "dependencies": {
        "depended-on-by-root": "*"
      },
      "devDependencies": {
        "depended-on-by-main-and-root": "*"
      }
    },
    "apps/depended-on-by-main": {
      "version": "1.0.0",
      "license": "ISC",
      "dependencies": {
        "depended-on-by-neighbor-depended-on-by-main": "*"
      }
    },
    "apps/depended-on-by-main-and-root": {
      "version": "1.0.0",
      "license": "ISC"
    },
    "apps/depended-on-by-neighbor-depended-on-by-main": {
      "version": "1.0.0",
      "license": "ISC"
    },
    "apps/depended-on-by-neighbor-depended-on-by-root": {
      "version": "1.0.0",
      "license": "ISC"
    },
    "apps/depended-on-by-root": {
      "version": "1.0.0",
      "license": "ISC",
      "dependencies": {
        "depended-on-by-neighbor-depended-on-by-root": "*"
      }
    },
    "apps/main": {
      "version": "1.0.0",
      "license": "ISC",
      "dependencies": {
        "depended-on-by-main": "*",
        "depended-on-by-main-and-root": "*"
      }
    },
    "apps/not-depended-on": {
      "version": "1.0.0",
      "license": "ISC"
    },
    "node_modules/depended-on-by-main": {
      "resolved": "apps/depended-on-by-main",
      "link": true
    },
    "node_modules/depended-on-by-main-and-root": {
      "resolved": "apps/depended-on-by-main-and-root",
      "link": true
    },
    "node_modules/depended-on-by-neighbor-depended-on-by-main": {
      "resolved": "apps/depended-on-by-neighbor-depended-on-by-main",
      "link": true
    },
    "node_modules/depended-on-by-neighbor-depended-on-by-root": {
      "resolved": "apps/depended-on-by-neighbor-depended-on-by-root",
      "link": true
    },
    "node_modules/depended-on-by-root": {
      "resolved": "apps/depended-on-by-root",
      "link": true
    },
    "node_modules/main": {
      "resolved": "apps/main",
      "link": true
    },
    "node_modules/not-depended-on": {
      "resolved": "apps/not-depended-on",
      "link": true
    }
  }
}
