lockfileVersion: '9.0'

settings:
  autoInstallPeers: true
  excludeLinksFromLockfile: false

importers:

  .:
    dependencies:
      '@fixture/absent':
        specifier: workspace:*
        version: link:packages/absent
      '@fixture/shimmed':
        specifier: workspace:*
        version: link:packages/shimmed
      '@fixture/used':
        specifier: workspace:*
        version: link:packages/used

  packages/absent:
    dependencies:
      ee-first:
        specifier: 1.1.1
        version: 1.1.1

  packages/shimmed:
    dependencies:
      isarray:
        specifier: 2.0.5
        version: 2.0.5

  packages/used:
    dependencies:
      ms:
        specifier: 2.1.3
        version: 2.1.3

packages:

  ee-first@1.1.1:
    resolution: {integrity: sha512-WMwm9LhRUo+WUaRN+vRuETqG89IgZphVSNkdFgeb6sS/E4OrDIN7t48CAewSHXc6C8lefD8KKfr5vY61brQlow==}

  isarray@2.0.5:
    resolution: {integrity: sha512-xHjhDr3cNBK0BzdUJSPXZntQUx/mwMS5Rw4A7lPJ90XGAO6ISP/ePDNuo0vhqOZU+UD5JoodwCAAoZQd3FeAKw==}

  ms@2.1.3:
    resolution: {integrity: sha512-6FlzubTLZG3J2a/NVCAleEhjzq5oxgHyaCU9yYXvcLsvoVaHJq/s5xXI6/XXP6tz7R9xAOtHnSO/tXtF3WRTlA==}

snapshots:

  ee-first@1.1.1: {}

  isarray@2.0.5: {}

  ms@2.1.3: {}
