{
  "name": "lockfile-pruner-npm-fixture",
  "lockfileVersion": 3,
  "requires": true,
  "packages": {
    "": {
      "name": "lockfile-pruner-npm-fixture",
      "workspaces": [
        "packages/*"
      ],
      "dependencies": {
        "@fixture/absent": "^1.0.0",
        "@fixture/shimmed": "^1.0.0",
        "@fixture/used": "^1.0.0"
      }
    },
    "node_modules/@fixture/absent": {
      "resolved": "packages/absent",
      "link": true
    },
    "node_modules/@fixture/shimmed": {
      "resolved": "packages/shimmed",
      "link": true
    },
    "node_modules/@fixture/used": {
      "resolved": "packages/used",
      "link": true
    },
    "node_modules/ee-first": {
      "version": "1.1.1",
      "resolved": "https://registry.npmjs.org/ee-first/-/ee-first-1.1.1.tgz",
      "integrity": "sha512-WMwm9LhRUo+WUaRN+vRuETqG89IgZphVSNkdFgeb6sS/E4OrDIN7t48CAewSHXc6C8lefD8KKfr5vY61brQlow==",
      "license": "MIT"
    },
    "node_modules/isarray": {
      "version": "2.0.5",
      "resolved": "https://registry.npmjs.org/isarray/-/isarray-2.0.5.tgz",
      "integrity": "sha512-xHjhDr3cNBK0BzdUJSPXZntQUx/mwMS5Rw4A7lPJ90XGAO6ISP/ePDNuo0vhqOZU+UD5JoodwCAAoZQd3FeAKw==",
      "license": "MIT"
    },
    "node_modules/ms": {
      "version": "2.1.3",
      "resolved": "https://registry.npmjs.org/ms/-/ms-2.1.3.tgz",
      "integrity": "sha512-6FlzubTLZG3J2a/NVCAleEhjzq5oxgHyaCU9yYXvcLsvoVaHJq/s5xXI6/XXP6tz7R9xAOtHnSO/tXtF3WRTlA==",
      "license": "MIT"
    },
    "packages/absent": {
      "name": "@fixture/absent",
      "version": "1.0.0",
      "dependencies": {
        "ee-first": "1.1.1"
      }
    },
    "packages/shimmed": {
      "name": "@fixture/shimmed",
      "version": "1.0.0",
      "dependencies": {
        "isarray": "2.0.5"
      }
    },
    "packages/used": {
      "name": "@fixture/used",
      "version": "1.0.0",
      "dependencies": {
        "ms": "2.1.3"
      }
    }
  }
}
