lockfileVersion: '9.0'

settings:
  autoInstallPeers: true
  excludeLinksFromLockfile: false

importers:

  .:
    devDependencies:
      '@playwright/test':
        specifier: 1.53.1
        version: 1.53.1

packages:

  '@playwright/test@1.53.1':
    resolution: {integrity: sha512-Z4c23LHV0muZ8hfv4jw6HngPJkbbtZxTkxPNIg7cJcTc9C28N/p2q7g3JZS2SiKBBHJ3uM1dgDye66bB7LEk5w==}
    engines: {node: '>=18'}
    hasBin: true

  fsevents@2.3.2:
    resolution: {integrity: sha512-xiqMQR4xAeHTuB9uWm+fFRcIOgKBMiOBP+eXiyT7jsgVCq1bkVygt00oASowB7EdtpOHaaPgKt812P9ab+DDKA==}
    engines: {node: ^8.16.0 || ^10.6.0 || >=11.0.0}
    os: [darwin]

  playwright-core@1.53.1:
    resolution: {integrity: sha512-Z46Oq7tLAyT0lGoFx4DOuB1IA9D1TPj0QkYxpPVUnGDqHHvDpCftu1J2hM2PiWsNMoZh8+LQaarAWcDfPBc6zg==}
    engines: {node: '>=18'}
    hasBin: true

  playwright@1.53.1:
    resolution: {integrity: sha512-LJ13YLr/ocweuwxyGf1XNFWIU4M2zUSo149Qbp+A4cpwDjsxRPj7k6H25LBrEHiEwxvRbD8HdwvQmRMSvquhYw==}
    engines: {node: '>=18'}
    hasBin: true

snapshots:

  '@playwright/test@1.53.1':
    dependencies:
      playwright: 1.53.1

  fsevents@2.3.2:
    optional: true

  playwright-core@1.53.1: {}

  playwright@1.53.1:
    dependencies:
      playwright-core: 1.53.1
    optionalDependencies:
      fsevents: 2.3.2
