lockfileVersion: '9.0'

settings:
  autoInstallPeers: true
  excludeLinksFromLockfile: false

importers:

  .: {}

  packages/absent:
    dependencies:
      ee-first:
        specifier: 1.1.1
        version: 1.1.1

  packages/c:
    dependencies:
      '@fixture-prune/shimmed':
        specifier: workspace:*
        version: link:../shimmed
      '@fixture-prune/used':
        specifier: workspace:*
        version: link:../used
      '@playwright/test':
        specifier: ^1.55.1
        version: 1.62.1
    optionalDependencies:
      '@fixture-prune/opt':
        specifier: workspace:*
        version: link:../opt

  packages/opt:
    dependencies:
      ms:
        specifier: 2.1.3
        version: 2.1.3

  packages/shimmed:
    dependencies:
      isarray:
        specifier: 2.0.5
        version: 2.0.5

  packages/used:
    dependencies:
      ee-first:
        specifier: 1.1.1
        version: 1.1.1
      ms:
        specifier: 2.1.3
        version: 2.1.3

packages:

  '@playwright/test@1.62.1':
    resolution: {integrity: sha512-DTcUc8qii+cpHvtOwggMtBRMjKZHXYWdw8syRYu2vtzuq4Wxphqq4NfCs5Zt44L6mA8rfDfj+PHnxFc/FeK6mQ==}
    engines: {node: '>=20'}
    hasBin: true

  ee-first@1.1.1:
    resolution: {integrity: sha512-WMwm9LhRUo+WUaRN+vRuETqG89IgZphVSNkdFgeb6sS/E4OrDIN7t48CAewSHXc6C8lefD8KKfr5vY61brQlow==}

  fsevents@2.3.2:
    resolution: {integrity: sha512-xiqMQR4xAeHTuB9uWm+fFRcIOgKBMiOBP+eXiyT7jsgVCq1bkVygt00oASowB7EdtpOHaaPgKt812P9ab+DDKA==}
    engines: {node: ^8.16.0 || ^10.6.0 || >=11.0.0}
    os: [darwin]

  isarray@2.0.5:
    resolution: {integrity: sha512-xHjhDr3cNBK0BzdUJSPXZntQUx/mwMS5Rw4A7lPJ90XGAO6ISP/ePDNuo0vhqOZU+UD5JoodwCAAoZQd3FeAKw==}

  ms@2.1.3:
    resolution: {integrity: sha512-6FlzubTLZG3J2a/NVCAleEhjzq5oxgHyaCU9yYXvcLsvoVaHJq/s5xXI6/XXP6tz7R9xAOtHnSO/tXtF3WRTlA==}

  playwright-core@1.62.1:
    resolution: {integrity: sha512-wPYSwEBJY9GHraISXqyqtx0na0LpO3XEX7jNDhntbex7tzUS7kLnZsOlFruFJB4Hi/rhDMjXGqHewDZ68nYZVw==}
    engines: {node: '>=20'}
    hasBin: true

  playwright@1.62.1:
    resolution: {integrity: sha512-0M+L3LAD8/nm554LOla9Ayx0j0tmFZ0FBcoQ7F1VuVHpM/XpiC8RcDzBQB8W5+hA8L22THxELzeF+2WcUzvcLg==}
    engines: {node: '>=20'}
    hasBin: true

snapshots:

  '@playwright/test@1.62.1':
    dependencies:
      playwright: 1.62.1

  ee-first@1.1.1: {}

  fsevents@2.3.2:
    optional: true

  isarray@2.0.5: {}

  ms@2.1.3: {}

  playwright-core@1.62.1: {}

  playwright@1.62.1:
    dependencies:
      playwright-core: 1.62.1
    optionalDependencies:
      fsevents: 2.3.2
