{
  "name": "simple-project",
  "version": "1.0.0",
  "lockfileVersion": 2,
  "requires": true,
  "packages": {
    "": {
      "name": "simple-project",
      "version": "1.0.0",
      "license": "ISC",
      "dependencies": {
        "@checkly/cli": "file:../../"
      }
    },
    "../..": {
      "name": "@checkly/cli",
      "version": "0.0.1",
      "license": "Apache-2.0",
      "dependencies": {
        "@oclif/core": "1.21.0",
        "@oclif/plugin-help": "5.1.20",
        "@typescript-eslint/typescript-estree": "5.46.1",
        "acorn": "8.8.1",
        "acorn-walk": "8.2.0",
        "axios": "1.2.1",
        "conf": "10.2.0",
        "inquirer": "8.2.3",
        "jwt-decode": "3.1.2",
        "open": "8.4.0"
      },
      "bin": {
        "checkly": "bin/run"
      },
      "devDependencies": {
        "@checkly/eslint-config": "0.14.1",
        "@types/inquirer": "8.2.3",
        "@types/jest": "29.2.4",
        "@types/node": "18.11.15",
        "@typescript-eslint/eslint-plugin": "5.46.1",
        "@typescript-eslint/parser": "5.46.1",
        "eslint": "8.29.0",
        "jest": "29.3.1",
        "ts-jest": "29.0.3",
        "ts-node": "10.9.1",
        "typescript": "4.9.4"
      }
    },
    "../../..": {},
    "node_modules/@checkly/cli": {
      "resolved": "../..",
      "link": true
    }
  },
  "dependencies": {
    "@checkly/cli": {
      "version": "file:../..",
      "requires": {
        "@checkly/eslint-config": "0.14.1",
        "@oclif/core": "1.21.0",
        "@oclif/plugin-help": "5.1.20",
        "@types/inquirer": "8.2.3",
        "@types/jest": "29.2.4",
        "@types/node": "18.11.15",
        "@typescript-eslint/eslint-plugin": "5.46.1",
        "@typescript-eslint/parser": "5.46.1",
        "@typescript-eslint/typescript-estree": "5.46.1",
        "acorn": "8.8.1",
        "acorn-walk": "8.2.0",
        "axios": "1.2.1",
        "conf": "10.2.0",
        "eslint": "8.29.0",
        "inquirer": "8.2.3",
        "jest": "29.3.1",
        "jwt-decode": "3.1.2",
        "open": "8.4.0",
        "ts-jest": "29.0.3",
        "ts-node": "10.9.1",
        "typescript": "4.9.4"
      }
    }
  }
}
